
Microsoft Visual Studio Solution File, Format Version 12.00
# Visual Studio Version 17
VisualStudioVersion = 17.10.35013.160
MinimumVisualStudioVersion = 10.0.40219.1
Project("{FAE04EC0-301F-11D3-BF4B-00C04F79EFBC}") = "EventForm", "EventForm\EventForm.csproj", "{9697AAE4-569D-4F74-92FA-32B59AFDDCE7}"
EndProject
Global
	GlobalSection(SolutionConfigurationPlatforms) = preSolution
		Debug|Any CPU = Debug|Any CPU
		Release|Any CPU = Release|Any CPU
	EndGlobalSection
	GlobalSection(ProjectConfigurationPlatforms) = postSolution
		{9697AAE4-569D-4F74-92FA-32B59AFDDCE7}.Debug|Any CPU.ActiveCfg = Debug|Any CPU
		{9697AAE4-569D-4F74-92FA-32B59AFDDCE7}.Debug|Any CPU.Build.0 = Debug|Any CPU
		{9697AAE4-569D-4F74-92FA-32B59AFDDCE7}.Release|Any CPU.ActiveCfg = Release|Any CPU
		{9697AAE4-569D-4F74-92FA-32B59AFDDCE7}.Release|Any CPU.Build.0 = Release|Any CPU
	EndGlobalSection
	GlobalSection(SolutionProperties) = preSolution
		HideSolutionNode = FALSE
	EndGlobalSection
	GlobalSection(ExtensibilityGlobals) = postSolution
		SolutionGuid = {76325392-260B-4C29-9254-BE8C42C03921}
	EndGlobalSection
EndGlobal
